// !$*UTF8*$!
{
	archiveVersion = 1;
	classes = {
	};
	objectVersion = 50;
	objects = {

/* Begin PBXBuildFile section */
		BE3EB092226B60B600428FA5 /* AppDelegate.swift in Sources */ = {isa = PBXBuildFile; fileRef = BE3EB091226B60B600428FA5 /* AppDelegate.swift */; };
		BE3EB097226B60B600428FA5 /* Main.storyboard in Resources */ = {isa = PBXBuildFile; fileRef = BE3EB095226B60B600428FA5 /* Main.storyboard */; };
		BE3EB099226B60B700428FA5 /* Assets.xcassets in Resources */ = {isa = PBXBuildFile; fileRef = BE3EB098226B60B700428FA5 /* Assets.xcassets */; };
		BE3EB09C226B60B700428FA5 /* LaunchScreen.storyboard in Resources */ = {isa = PBXBuildFile; fileRef = BE3EB09A226B60B700428FA5 /* LaunchScreen.storyboard */; };
		BEDD01A5226F287000BF6203 /* AddNewImageViewController.swift in Sources */ = {isa = PBXBuildFile; fileRef = BEDD01A4226F287000BF6203 /* AddNewImageViewController.swift */; };
		BEDD01A7226F28DE00BF6203 /* SearchViewController.swift in Sources */ = {isa = PBXBuildFile; fileRef = BEDD01A6226F28DE00BF6203 /* SearchViewController.swift */; };
		BEDD01AB226F293900BF6203 /* RemindTableViewController.swift in Sources */ = {isa = PBXBuildFile; fileRef = BEDD01AA226F293900BF6203 /* RemindTableViewController.swift */; };
		BEDD01AD226F296000BF6203 /* QuickLookViewController.swift in Sources */ = {isa = PBXBuildFile; fileRef = BEDD01AC226F296000BF6203 /* QuickLookViewController.swift */; };
		BEDD01AF226F2A0A00BF6203 /* AllImagesViewController.swift in Sources */ = {isa = PBXBuildFile; fileRef = BEDD01AE226F2A0A00BF6203 /* AllImagesViewController.swift */; };
/* End PBXBuildFile section */

/* Begin PBXFileReference section */
		BE3EB08E226B60B600428FA5 /* QuickDock.app */ = {isa = PBXFileReference; explicitFileType = wrapper.application; includeInIndex = 0; path = QuickDock.app; sourceTree = BUILT_PRODUCTS_DIR; };
		BE3EB091226B60B600428FA5 /* AppDelegate.swift */ = {isa = PBXFileReference; lastKnownFileType = sourcecode.swift; path = AppDelegate.swift; sourceTree = "<group>"; };
		BE3EB096226B60B600428FA5 /* Base */ = {isa = PBXFileReference; lastKnownFileType = file.storyboard; name = Base; path = Base.lproj/Main.storyboard; sourceTree = "<group>"; };
		BE3EB098226B60B700428FA5 /* Assets.xcassets */ = {isa = PBXFileReference; lastKnownFileType = folder.assetcatalog; path = Assets.xcassets; sourceTree = "<group>"; };
		BE3EB09B226B60B700428FA5 /* Base */ = {isa = PBXFileReference; lastKnownFileType = file.storyboard; name = Base; path = Base.lproj/LaunchScreen.storyboard; sourceTree = "<group>"; };
		BE3EB09D226B60B700428FA5 /* Info.plist */ = {isa = PBXFileReference; lastKnownFileType = text.plist.xml; path = Info.plist; sourceTree = "<group>"; };
		BEDD01A4226F287000BF6203 /* AddNewImageViewController.swift */ = {isa = PBXFileReference; lastKnownFileType = sourcecode.swift; path = AddNewImageViewController.swift; sourceTree = "<group>"; };
		BEDD01A6226F28DE00BF6203 /* SearchViewController.swift */ = {isa = PBXFileReference; lastKnownFileType = sourcecode.swift; path = SearchViewController.swift; sourceTree = "<group>"; };
		BEDD01AA226F293900BF6203 /* RemindTableViewController.swift */ = {isa = PBXFileReference; lastKnownFileType = sourcecode.swift; path = RemindTableViewController.swift; sourceTree = "<group>"; };
		BEDD01AC226F296000BF6203 /* QuickLookViewController.swift */ = {isa = PBXFileReference; lastKnownFileType = sourcecode.swift; path = QuickLookViewController.swift; sourceTree = "<group>"; };
		BEDD01AE226F2A0A00BF6203 /* AllImagesViewController.swift */ = {isa = PBXFileReference; lastKnownFileType = sourcecode.swift; path = AllImagesViewController.swift; sourceTree = "<group>"; };
/* End PBXFileReference section */

/* Begin PBXFrameworksBuildPhase section */
		BE3EB08B226B60B600428FA5 /* Frameworks */ = {
			isa = PBXFrameworksBuildPhase;
			buildActionMask = 2147483647;
			files = (
			);
			runOnlyForDeploymentPostprocessing = 0;
		};
/* End PBXFrameworksBuildPhase section */

/* Begin PBXGroup section */
		BE3EB085226B60B600428FA5 = {
			isa = PBXGroup;
			children = (
				BE3EB090226B60B600428FA5 /* QuickDock */,
				BE3EB08F226B60B600428FA5 /* Products */,
			);
			sourceTree = "<group>";
		};
		BE3EB08F226B60B600428FA5 /* Products */ = {
			isa = PBXGroup;
			children = (
				BE3EB08E226B60B600428FA5 /* QuickDock.app */,
			);
			name = Products;
			sourceTree = "<group>";
		};
		BE3EB090226B60B600428FA5 /* QuickDock */ = {
			isa = PBXGroup;
			children = (
				BEDD019E226F260C00BF6203 /* Delegate */,
				BEDD019B226F25D000BF6203 /* Model */,
				BEDD019D226F25F500BF6203 /* StoryBoard */,
				BEDD019C226F25E500BF6203 /* ViewController */,
				BE3EB098226B60B700428FA5 /* Assets.xcassets */,
				BE3EB09D226B60B700428FA5 /* Info.plist */,
			);
			path = QuickDock;
			sourceTree = "<group>";
		};
		BEDD019B226F25D000BF6203 /* Model */ = {
			isa = PBXGroup;
			children = (
			);
			path = Model;
			sourceTree = "<group>";
		};
		BEDD019C226F25E500BF6203 /* ViewController */ = {
			isa = PBXGroup;
			children = (
				BEDD019F226F264E00BF6203 /* 速览 */,
				BEDD01A0226F266A00BF6203 /* 全部 */,
				BEDD01A3226F26A100BF6203 /* 添加 */,
				BEDD01A1226F268500BF6203 /* 提醒 */,
				BEDD01A2226F268F00BF6203 /* 搜索 */,
			);
			path = ViewController;
			sourceTree = "<group>";
		};
		BEDD019D226F25F500BF6203 /* StoryBoard */ = {
			isa = PBXGroup;
			children = (
				BE3EB095226B60B600428FA5 /* Main.storyboard */,
				BE3EB09A226B60B700428FA5 /* LaunchScreen.storyboard */,
			);
			path = StoryBoard;
			sourceTree = "<group>";
		};
		BEDD019E226F260C00BF6203 /* Delegate */ = {
			isa = PBXGroup;
			children = (
				BE3EB091226B60B600428FA5 /* AppDelegate.swift */,
			);
			path = Delegate;
			sourceTree = "<group>";
		};
		BEDD019F226F264E00BF6203 /* 速览 */ = {
			isa = PBXGroup;
			children = (
				BEDD01AC226F296000BF6203 /* QuickLookViewController.swift */,
			);
			path = "速览";
			sourceTree = "<group>";
		};
		BEDD01A0226F266A00BF6203 /* 全部 */ = {
			isa = PBXGroup;
			children = (
				BEDD01AE226F2A0A00BF6203 /* AllImagesViewController.swift */,
			);
			path = "全部";
			sourceTree = "<group>";
		};
		BEDD01A1226F268500BF6203 /* 提醒 */ = {
			isa = PBXGroup;
			children = (
				BEDD01AA226F293900BF6203 /* RemindTableViewController.swift */,
			);
			path = "提醒";
			sourceTree = "<group>";
		};
		BEDD01A2226F268F00BF6203 /* 搜索 */ = {
			isa = PBXGroup;
			children = (
				BEDD01A6226F28DE00BF6203 /* SearchViewController.swift */,
			);
			path = "搜索";
			sourceTree = "<group>";
		};
		BEDD01A3226F26A100BF6203 /* 添加 */ = {
			isa = PBXGroup;
			children = (
				BEDD01A4226F287000BF6203 /* AddNewImageViewController.swift */,
			);
			path = "添加";
			sourceTree = "<group>";
		};
/* End PBXGroup section */

/* Begin PBXNativeTarget section */
		BE3EB08D226B60B600428FA5 /* QuickDock */ = {
			isa = PBXNativeTarget;
			buildConfigurationList = BE3EB0A0226B60B700428FA5 /* Build configuration list for PBXNativeTarget "QuickDock" */;
			buildPhases = (
				BE3EB08A226B60B600428FA5 /* Sources */,
				BE3EB08B226B60B600428FA5 /* Frameworks */,
				BE3EB08C226B60B600428FA5 /* Resources */,
			);
			buildRules = (
			);
			dependencies = (
			);
			name = QuickDock;
			productName = QuickDock;
			productReference = BE3EB08E226B60B600428FA5 /* QuickDock.app */;
			productType = "com.apple.product-type.application";
		};
/* End PBXNativeTarget section */

/* Begin PBXProject section */
		BE3EB086226B60B600428FA5 /* Project object */ = {
			isa = PBXProject;
			attributes = {
				LastSwiftUpdateCheck = 1020;
				LastUpgradeCheck = 1020;
				ORGANIZATIONNAME = LTXX;
				TargetAttributes = {
					BE3EB08D226B60B600428FA5 = {
						CreatedOnToolsVersion = 10.2.1;
					};
				};
			};
			buildConfigurationList = BE3EB089226B60B600428FA5 /* Build configuration list for PBXProject "QuickDock" */;
			compatibilityVersion = "Xcode 9.3";
			developmentRegion = en;
			hasScannedForEncodings = 0;
			knownRegions = (
				en,
				Base,
			);
			mainGroup = BE3EB085226B60B600428FA5;
			productRefGroup = BE3EB08F226B60B600428FA5 /* Products */;
			projectDirPath = "";
			projectRoot = "";
			targets = (
				BE3EB08D226B60B600428FA5 /* QuickDock */,
			);
		};
/* End PBXProject section */

/* Begin PBXResourcesBuildPhase section */
		BE3EB08C226B60B600428FA5 /* Resources */ = {
			isa = PBXResourcesBuildPhase;
			buildActionMask = 2147483647;
			files = (
				BE3EB09C226B60B700428FA5 /* LaunchScreen.storyboard in Resources */,
				BE3EB099226B60B700428FA5 /* Assets.xcassets in Resources */,
				BE3EB097226B60B600428FA5 /* Main.storyboard in Resources */,
			);
			runOnlyForDeploymentPostprocessing = 0;
		};
/* End PBXResourcesBuildPhase section */

/* Begin PBXSourcesBuildPhase section */
		BE3EB08A226B60B600428FA5 /* Sources */ = {
			isa = PBXSourcesBuildPhase;
			buildActionMask = 2147483647;
			files = (
				BEDD01A7226F28DE00BF6203 /* SearchViewController.swift in Sources */,
				BE3EB092226B60B600428FA5 /* AppDelegate.swift in Sources */,
				BEDD01AF226F2A0A00BF6203 /* AllImagesViewController.swift in Sources */,
				BEDD01AB226F293900BF6203 /* RemindTableViewController.swift in Sources */,
				BEDD01A5226F287000BF6203 /* AddNewImageViewController.swift in Sources */,
				BEDD01AD226F296000BF6203 /* QuickLookViewController.swift in Sources */,
			);
			runOnlyForDeploymentPostprocessing = 0;
		};
/* End PBXSourcesBuildPhase section */

/* Begin PBXVariantGroup section */
		BE3EB095226B60B600428FA5 /* Main.storyboard */ = {
			isa = PBXVariantGroup;
			children = (
				BE3EB096226B60B600428FA5 /* Base */,
			);
			name = Main.storyboard;
			sourceTree = "<group>";
		};
		BE3EB09A226B60B700428FA5 /* LaunchScreen.storyboard */ = {
			isa = PBXVariantGroup;
			children = (
				BE3EB09B226B60B700428FA5 /* Base */,
			);
			name = LaunchScreen.storyboard;
			sourceTree = "<group>";
		};
/* End PBXVariantGroup section */

/* Begin XCBuildConfiguration section */
		BE3EB09E226B60B700428FA5 /* Debug */ = {
			isa = XCBuildConfiguration;
			buildSettings = {
				ALWAYS_SEARCH_USER_PATHS = NO;
				CLANG_ANALYZER_NONNULL = YES;
				CLANG_ANALYZER_NUMBER_OBJECT_CONVERSION = YES_AGGRESSIVE;
				CLANG_CXX_LANGUAGE_STANDARD = "gnu++14";
				CLANG_CXX_LIBRARY = "libc++";
				CLANG_ENABLE_MODULES = YES;
				CLANG_ENABLE_OBJC_ARC = YES;
				CLANG_ENABLE_OBJC_WEAK = YES;
				CLANG_WARN_BLOCK_CAPTURE_AUTORELEASING = YES;
				CLANG_WARN_BOOL_CONVERSION = YES;
				CLANG_WARN_COMMA = YES;
				CLANG_WARN_CONSTANT_CONVERSION = YES;
				CLANG_WARN_DEPRECATED_OBJC_IMPLEMENTATIONS = YES;
				CLANG_WARN_DIRECT_OBJC_ISA_USAGE = YES_ERROR;
				CLANG_WARN_DOCUMENTATION_COMMENTS = YES;
				CLANG_WARN_EMPTY_BODY = YES;
				CLANG_WARN_ENUM_CONVERSION = YES;
				CLANG_WARN_INFINITE_RECURSION = YES;
				CLANG_WARN_INT_CONVERSION = YES;
				CLANG_WARN_NON_LITERAL_NULL_CONVERSION = YES;
				CLANG_WARN_OBJC_IMPLICIT_RETAIN_SELF = YES;
				CLANG_WARN_OBJC_LITERAL_CONVERSION = YES;
				CLANG_WARN_OBJC_ROOT_CLASS = YES_ERROR;
				CLANG_WARN_RANGE_LOOP_ANALYSIS = YES;
				CLANG_WARN_STRICT_PROTOTYPES = YES;
				CLANG_WARN_SUSPICIOUS_MOVE = YES;
				CLANG_WARN_UNGUARDED_AVAILABILITY = YES_AGGRESSIVE;
				CLANG_WARN_UNREACHABLE_CODE = YES;
				CLANG_WARN__DUPLICATE_METHOD_MATCH = YES;
				CODE_SIGN_IDENTITY = "iPhone Developer";
				COPY_PHASE_STRIP = NO;
				DEBUG_INFORMATION_FORMAT = dwarf;
				ENABLE_STRICT_OBJC_MSGSEND = YES;
				ENABLE_TESTABILITY = YES;
				GCC_C_LANGUAGE_STANDARD = gnu11;
				GCC_DYNAMIC_NO_PIC = NO;
				GCC_NO_COMMON_BLOCKS = YES;
				GCC_OPTIMIZATION_LEVEL = 0;
				GCC_PREPROCESSOR_DEFINITIONS = (
					"DEBUG=1",
					"$(inherited)",
				);
				GCC_WARN_64_TO_32_BIT_CONVERSION = YES;
				GCC_WARN_ABOUT_RETURN_TYPE = YES_ERROR;
				GCC_WARN_UNDECLARED_SELECTOR = YES;
				GCC_WARN_UNINITIALIZED_AUTOS = YES_AGGRESSIVE;
				GCC_WARN_UNUSED_FUNCTION = YES;
				GCC_WARN_UNUSED_VARIABLE = YES;
				IPHONEOS_DEPLOYMENT_TARGET = 12.2;
				MTL_ENABLE_DEBUG_INFO = INCLUDE_SOURCE;
				MTL_FAST_MATH = YES;
				ONLY_ACTIVE_ARCH = YES;
				SDKROOT = iphoneos;
				SWIFT_ACTIVE_COMPILATION_CONDITIONS = DEBUG;
				SWIFT_OPTIMIZATION_LEVEL = "-Onone";
			};
			name = Debug;
		};
		BE3EB09F226B60B700428FA5 /* Release */ = {
			isa = XCBuildConfiguration;
			buildSettings = {
				ALWAYS_SEARCH_USER_PATHS = NO;
				CLANG_ANALYZER_NONNULL = YES;
				CLANG_ANALYZER_NUMBER_OBJECT_CONVERSION = YES_AGGRESSIVE;
				CLANG_CXX_LANGUAGE_STANDARD = "gnu++14";
				CLANG_CXX_LIBRARY = "libc++";
				CLANG_ENABLE_MODULES = YES;
				CLANG_ENABLE_OBJC_ARC = YES;
				CLANG_ENABLE_OBJC_WEAK = YES;
				CLANG_WARN_BLOCK_CAPTURE_AUTORELEASING = YES;
				CLANG_WARN_BOOL_CONVERSION = YES;
				CLANG_WARN_COMMA = YES;
				CLANG_WARN_CONSTANT_CONVERSION = YES;
				CLANG_WARN_DEPRECATED_OBJC_IMPLEMENTATIONS = YES;
				CLANG_WARN_DIRECT_OBJC_ISA_USAGE = YES_ERROR;
				CLANG_WARN_DOCUMENTATION_COMMENTS = YES;
				CLANG_WARN_EMPTY_BODY = YES;
				CLANG_WARN_ENUM_CONVERSION = YES;
				CLANG_WARN_INFINITE_RECURSION = YES;
				CLANG_WARN_INT_CONVERSION = YES;
				CLANG_WARN_NON_LITERAL_NULL_CONVERSION = YES;
				CLANG_WARN_OBJC_IMPLICIT_RETAIN_SELF = YES;
				CLANG_WARN_OBJC_LITERAL_CONVERSION = YES;
				CLANG_WARN_OBJC_ROOT_CLASS = YES_ERROR;
				CLANG_WARN_RANGE_LOOP_ANALYSIS = YES;
				CLANG_WARN_STRICT_PROTOTYPES = YES;
				CLANG_WARN_SUSPICIOUS_MOVE = YES;
				CLANG_WARN_UNGUARDED_AVAILABILITY = YES_AGGRESSIVE;
				CLANG_WARN_UNREACHABLE_CODE = YES;
				CLANG_WARN__DUPLICATE_METHOD_MATCH = YES;
				CODE_SIGN_IDENTITY = "iPhone Developer";
				COPY_PHASE_STRIP = NO;
				DEBUG_INFORMATION_FORMAT = "dwarf-with-dsym";
				ENABLE_NS_ASSERTIONS = NO;
				ENABLE_STRICT_OBJC_MSGSEND = YES;
				GCC_C_LANGUAGE_STANDARD = gnu11;
				GCC_NO_COMMON_BLOCKS = YES;
				GCC_WARN_64_TO_32_BIT_CONVERSION = YES;
				GCC_WARN_ABOUT_RETURN_TYPE = YES_ERROR;
				GCC_WARN_UNDECLARED_SELECTOR = YES;
				GCC_WARN_UNINITIALIZED_AUTOS = YES_AGGRESSIVE;
				GCC_WARN_UNUSED_FUNCTION = YES;
				GCC_WARN_UNUSED_VARIABLE = YES;
				IPHONEOS_DEPLOYMENT_TARGET = 12.2;
				MTL_ENABLE_DEBUG_INFO = NO;
				MTL_FAST_MATH = YES;
				SDKROOT = iphoneos;
				SWIFT_COMPILATION_MODE = wholemodule;
				SWIFT_OPTIMIZATION_LEVEL = "-O";
				VALIDATE_PRODUCT = YES;
			};
			name = Release;
		};
		BE3EB0A1226B60B700428FA5 /* Debug */ = {
			isa = XCBuildConfiguration;
			buildSettings = {
				ASSETCATALOG_COMPILER_APPICON_NAME = AppIcon;
				CODE_SIGN_STYLE = Automatic;
				DEVELOPMENT_TEAM = 4AFD987825;
				INFOPLIST_FILE = QuickDock/Info.plist;
				LD_RUNPATH_SEARCH_PATHS = (
					"$(inherited)",
					"@executable_path/Frameworks",
				);
				PRODUCT_BUNDLE_IDENTIFIER = LTXX.QuickDock;
				PRODUCT_NAME = "$(TARGET_NAME)";
				SWIFT_VERSION = 5.0;
				TARGETED_DEVICE_FAMILY = "1,2";
			};
			name = Debug;
		};
		BE3EB0A2226B60B700428FA5 /* Release */ = {
			isa = XCBuildConfiguration;
			buildSettings = {
				ASSETCATALOG_COMPILER_APPICON_NAME = AppIcon;
				CODE_SIGN_STYLE = Automatic;
				DEVELOPMENT_TEAM = 4AFD987825;
				INFOPLIST_FILE = QuickDock/Info.plist;
				LD_RUNPATH_SEARCH_PATHS = (
					"$(inherited)",
					"@executable_path/Frameworks",
				);
				PRODUCT_BUNDLE_IDENTIFIER = LTXX.QuickDock;
				PRODUCT_NAME = "$(TARGET_NAME)";
				SWIFT_VERSION = 5.0;
				TARGETED_DEVICE_FAMILY = "1,2";
			};
			name = Release;
		};
/* End XCBuildConfiguration section */

/* Begin XCConfigurationList section */
		BE3EB089226B60B600428FA5 /* Build configuration list for PBXProject "QuickDock" */ = {
			isa = XCConfigurationList;
			buildConfigurations = (
				BE3EB09E226B60B700428FA5 /* Debug */,
				BE3EB09F226B60B700428FA5 /* Release */,
			);
			defaultConfigurationIsVisible = 0;
			defaultConfigurationName = Release;
		};
		BE3EB0A0226B60B700428FA5 /* Build configuration list for PBXNativeTarget "QuickDock" */ = {
			isa = XCConfigurationList;
			buildConfigurations = (
				BE3EB0A1226B60B700428FA5 /* Debug */,
				BE3EB0A2226B60B700428FA5 /* Release */,
			);
			defaultConfigurationIsVisible = 0;
			defaultConfigurationName = Release;
		};
/* End XCConfigurationList section */
	};
	rootObject = BE3EB086226B60B600428FA5 /* Project object */;
}
